
Microsoft Visual Studio Solution File, Format Version 12.00
# Visual Studio Version 17
VisualStudioVersion = 17.5.002.0
MinimumVisualStudioVersion = 10.0.40219.1
Project("{9A19103F-16F7-4668-BE54-9A1E7A4F7556}") = "Challange-Subscrptions", "Challange-Subscrptions.csproj", "{3E933A77-5F72-47F7-AF27-F3E9FE0A79E4}"
EndProject
Global
	GlobalSection(SolutionConfigurationPlatforms) = preSolution
		Debug|Any CPU = Debug|Any CPU
		Release|Any CPU = Release|Any CPU
	EndGlobalSection
	GlobalSection(ProjectConfigurationPlatforms) = postSolution
		{3E933A77-5F72-47F7-AF27-F3E9FE0A79E4}.Debug|Any CPU.ActiveCfg = Debug|Any CPU
		{3E933A77-5F72-47F7-AF27-F3E9FE0A79E4}.Debug|Any CPU.Build.0 = Debug|Any CPU
		{3E933A77-5F72-47F7-AF27-F3E9FE0A79E4}.Release|Any CPU.ActiveCfg = Release|Any CPU
		{3E933A77-5F72-47F7-AF27-F3E9FE0A79E4}.Release|Any CPU.Build.0 = Release|Any CPU
	EndGlobalSection
	GlobalSection(SolutionProperties) = preSolution
		HideSolutionNode = FALSE
	EndGlobalSection
	GlobalSection(ExtensibilityGlobals) = postSolution
		SolutionGuid = {0E46EA92-4023-4075-A2E5-5654CD5166A9}
	EndGlobalSection
EndGlobal
